// !$*UTF8*$!
{
	archiveVersion = 1;
	classes = {
	};
	objectVersion = 50;
	objects = {

/* Begin PBXBuildFile section */
		BB1DDF35211CC345008D8682 /* AppDelegate.swift in Sources */ = {isa = PBXBuildFile; fileRef = BB1DDF34211CC345008D8682 /* AppDelegate.swift */; };
		BB1DDF37211CC345008D8682 /* ViewController.swift in Sources */ = {isa = PBXBuildFile; fileRef = BB1DDF36211CC345008D8682 /* ViewController.swift */; };
		BB1DDF3A211CC345008D8682 /* Main.storyboard in Resources */ = {isa = PBXBuildFile; fileRef = BB1DDF38211CC345008D8682 /* Main.storyboard */; };
		BB1DDF3C211CC347008D8682 /* Assets.xcassets in Resources */ = {isa = PBXBuildFile; fileRef = BB1DDF3B211CC347008D8682 /* Assets.xcassets */; };
		BB1DDF3F211CC347008D8682 /* LaunchScreen.storyboard in Resources */ = {isa = PBXBuildFile; fileRef = BB1DDF3D211CC347008D8682 /* LaunchScreen.storyboard */; };
		BB1DDF4A211CC347008D8682 /* sekeyTests.swift in Sources */ = {isa = PBXBuildFile; fileRef = BB1DDF49211CC347008D8682 /* sekeyTests.swift */; };
/* End PBXBuildFile section */

/* Begin PBXContainerItemProxy section */
		BB1DDF46211CC347008D8682 /* PBXContainerItemProxy */ = {
			isa = PBXContainerItemProxy;
			containerPortal = BB1DDF29211CC345008D8682 /* Project object */;
			proxyType = 1;
			remoteGlobalIDString = BB1DDF30211CC345008D8682;
			remoteInfo = sekey;
		};
/* End PBXContainerItemProxy section */

/* Begin PBXFileReference section */
		BB1DDF31211CC345008D8682 /* sekey.app */ = {isa = PBXFileReference; explicitFileType = wrapper.application; includeInIndex = 0; path = sekey.app; sourceTree = BUILT_PRODUCTS_DIR; };
		BB1DDF34211CC345008D8682 /* AppDelegate.swift */ = {isa = PBXFileReference; lastKnownFileType = sourcecode.swift; path = AppDelegate.swift; sourceTree = "<group>"; };
		BB1DDF36211CC345008D8682 /* ViewController.swift */ = {isa = PBXFileReference; lastKnownFileType = sourcecode.swift; path = ViewController.swift; sourceTree = "<group>"; };
		BB1DDF39211CC345008D8682 /* Base */ = {isa = PBXFileReference; lastKnownFileType = file.storyboard; name = Base; path = Base.lproj/Main.storyboard; sourceTree = "<group>"; };
		BB1DDF3B211CC347008D8682 /* Assets.xcassets */ = {isa = PBXFileReference; lastKnownFileType = folder.assetcatalog; path = Assets.xcassets; sourceTree = "<group>"; };
		BB1DDF3E211CC347008D8682 /* Base */ = {isa = PBXFileReference; lastKnownFileType = file.storyboard; name = Base; path = Base.lproj/LaunchScreen.storyboard; sourceTree = "<group>"; };
		BB1DDF40211CC347008D8682 /* Info.plist */ = {isa = PBXFileReference; lastKnownFileType = text.plist.xml; path = Info.plist; sourceTree = "<group>"; };
		BB1DDF45211CC347008D8682 /* sekeyTests.xctest */ = {isa = PBXFileReference; explicitFileType = wrapper.cfbundle; includeInIndex = 0; path = sekeyTests.xctest; sourceTree = BUILT_PRODUCTS_DIR; };
		BB1DDF49211CC347008D8682 /* sekeyTests.swift */ = {isa = PBXFileReference; lastKnownFileType = sourcecode.swift; path = sekeyTests.swift; sourceTree = "<group>"; };
		BB1DDF4B211CC347008D8682 /* Info.plist */ = {isa = PBXFileReference; lastKnownFileType = text.plist.xml; path = Info.plist; sourceTree = "<group>"; };
/* End PBXFileReference section */

/* Begin PBXFrameworksBuildPhase section */
		BB1DDF2E211CC345008D8682 /* Frameworks */ = {
			isa = PBXFrameworksBuildPhase;
			buildActionMask = 2147483647;
			files = (
			);
			runOnlyForDeploymentPostprocessing = 0;
		};
		BB1DDF42211CC347008D8682 /* Frameworks */ = {
			isa = PBXFrameworksBuildPhase;
			buildActionMask = 2147483647;
			files = (
			);
			runOnlyForDeploymentPostprocessing = 0;
		};
/* End PBXFrameworksBuildPhase section */

/* Begin PBXGroup section */
		BB1DDF28211CC345008D8682 = {
			isa = PBXGroup;
			children = (
				BB1DDF33211CC345008D8682 /* sekey */,
				BB1DDF48211CC347008D8682 /* sekeyTests */,
				BB1DDF32211CC345008D8682 /* Products */,
			);
			sourceTree = "<group>";
		};
		BB1DDF32211CC345008D8682 /* Products */ = {
			isa = PBXGroup;
			children = (
				BB1DDF31211CC345008D8682 /* sekey.app */,
				BB1DDF45211CC347008D8682 /* sekeyTests.xctest */,
			);
			name = Products;
			sourceTree = "<group>";
		};
		BB1DDF33211CC345008D8682 /* sekey */ = {
			isa = PBXGroup;
			children = (
				BB1DDF34211CC345008D8682 /* AppDelegate.swift */,
				BB1DDF36211CC345008D8682 /* ViewController.swift */,
				BB1DDF38211CC345008D8682 /* Main.storyboard */,
				BB1DDF3B211CC347008D8682 /* Assets.xcassets */,
				BB1DDF3D211CC347008D8682 /* LaunchScreen.storyboard */,
				BB1DDF40211CC347008D8682 /* Info.plist */,
			);
			path = sekey;
			sourceTree = "<group>";
		};
		BB1DDF48211CC347008D8682 /* sekeyTests */ = {
			isa = PBXGroup;
			children = (
				BB1DDF49211CC347008D8682 /* sekeyTests.swift */,
				BB1DDF4B211CC347008D8682 /* Info.plist */,
			);
			path = sekeyTests;
			sourceTree = "<group>";
		};
/* End PBXGroup section */

/* Begin PBXNativeTarget section */
		BB1DDF30211CC345008D8682 /* sekey */ = {
			isa = PBXNativeTarget;
			buildConfigurationList = BB1DDF4E211CC347008D8682 /* Build configuration list for PBXNativeTarget "sekey" */;
			buildPhases = (
				BB1DDF2D211CC345008D8682 /* Sources */,
				BB1DDF2E211CC345008D8682 /* Frameworks */,
				BB1DDF2F211CC345008D8682 /* Resources */,
			);
			buildRules = (
			);
			dependencies = (
			);
			name = sekey;
			productName = sekey;
			productReference = BB1DDF31211CC345008D8682 /* sekey.app */;
			productType = "com.apple.product-type.application";
		};
		BB1DDF44211CC347008D8682 /* sekeyTests */ = {
			isa = PBXNativeTarget;
			buildConfigurationList = BB1DDF51211CC347008D8682 /* Build configuration list for PBXNativeTarget "sekeyTests" */;
			buildPhases = (
				BB1DDF41211CC347008D8682 /* Sources */,
				BB1DDF42211CC347008D8682 /* Frameworks */,
				BB1DDF43211CC347008D8682 /* Resources */,
			);
			buildRules = (
			);
			dependencies = (
				BB1DDF47211CC347008D8682 /* PBXTargetDependency */,
			);
			name = sekeyTests;
			productName = sekeyTests;
			productReference = BB1DDF45211CC347008D8682 /* sekeyTests.xctest */;
			productType = "com.apple.product-type.bundle.unit-test";
		};
/* End PBXNativeTarget section */

/* Begin PBXProject section */
		BB1DDF29211CC345008D8682 /* Project object */ = {
			isa = PBXProject;
			attributes = {
				LastSwiftUpdateCheck = 1000;
				LastUpgradeCheck = 1000;
				ORGANIZATIONNAME = "David Wagner";
				TargetAttributes = {
					BB1DDF30211CC345008D8682 = {
						CreatedOnToolsVersion = 10.0;
					};
					BB1DDF44211CC347008D8682 = {
						CreatedOnToolsVersion = 10.0;
						TestTargetID = BB1DDF30211CC345008D8682;
					};
				};
			};
			buildConfigurationList = BB1DDF2C211CC345008D8682 /* Build configuration list for PBXProject "sekey" */;
			compatibilityVersion = "Xcode 9.3";
			developmentRegion = en;
			hasScannedForEncodings = 0;
			knownRegions = (
				en,
				Base,
			);
			mainGroup = BB1DDF28211CC345008D8682;
			productRefGroup = BB1DDF32211CC345008D8682 /* Products */;
			projectDirPath = "";
			projectRoot = "";
			targets = (
				BB1DDF30211CC345008D8682 /* sekey */,
				BB1DDF44211CC347008D8682 /* sekeyTests */,
			);
		};
/* End PBXProject section */

/* Begin PBXResourcesBuildPhase section */
		BB1DDF2F211CC345008D8682 /* Resources */ = {
			isa = PBXResourcesBuildPhase;
			buildActionMask = 2147483647;
			files = (
				BB1DDF3F211CC347008D8682 /* LaunchScreen.storyboard in Resources */,
				BB1DDF3C211CC347008D8682 /* Assets.xcassets in Resources */,
				BB1DDF3A211CC345008D8682 /* Main.storyboard in Resources */,
			);
			runOnlyForDeploymentPostprocessing = 0;
		};
		BB1DDF43211CC347008D8682 /* Resources */ = {
			isa = PBXResourcesBuildPhase;
			buildActionMask = 2147483647;
			files = (
			);
			runOnlyForDeploymentPostprocessing = 0;
		};
/* End PBXResourcesBuildPhase section */

/* Begin PBXSourcesBuildPhase section */
		BB1DDF2D211CC345008D8682 /* Sources */ = {
			isa = PBXSourcesBuildPhase;
			buildActionMask = 2147483647;
			files = (
				BB1DDF37211CC345008D8682 /* ViewController.swift in Sources */,
				BB1DDF35211CC345008D8682 /* AppDelegate.swift in Sources */,
			);
			runOnlyForDeploymentPostprocessing = 0;
		};
		BB1DDF41211CC347008D8682 /* Sources */ = {
			isa = PBXSourcesBuildPhase;
			buildActionMask = 2147483647;
			files = (
				BB1DDF4A211CC347008D8682 /* sekeyTests.swift in Sources */,
			);
			runOnlyForDeploymentPostprocessing = 0;
		};
/* End PBXSourcesBuildPhase section */

/* Begin PBXTargetDependency section */
		BB1DDF47211CC347008D8682 /* PBXTargetDependency */ = {
			isa = PBXTargetDependency;
			target = BB1DDF30211CC345008D8682 /* sekey */;
			targetProxy = BB1DDF46211CC347008D8682 /* PBXContainerItemProxy */;
		};
/* End PBXTargetDependency section */

/* Begin PBXVariantGroup section */
		BB1DDF38211CC345008D8682 /* Main.storyboard */ = {
			isa = PBXVariantGroup;
			children = (
				BB1DDF39211CC345008D8682 /* Base */,
			);
			name = Main.storyboard;
			sourceTree = "<group>";
		};
		BB1DDF3D211CC347008D8682 /* LaunchScreen.storyboard */ = {
			isa = PBXVariantGroup;
			children = (
				BB1DDF3E211CC347008D8682 /* Base */,
			);
			name = LaunchScreen.storyboard;
			sourceTree = "<group>";
		};
/* End PBXVariantGroup section */

/* Begin XCBuildConfiguration section */
		BB1DDF4C211CC347008D8682 /* Debug */ = {
			isa = XCBuildConfiguration;
			buildSettings = {
				ALWAYS_SEARCH_USER_PATHS = NO;
				CLANG_ANALYZER_NONNULL = YES;
				CLANG_ANALYZER_NUMBER_OBJECT_CONVERSION = YES_AGGRESSIVE;
				CLANG_CXX_LANGUAGE_STANDARD = "gnu++14";
				CLANG_CXX_LIBRARY = "libc++";
				CLANG_ENABLE_MODULES = YES;
				CLANG_ENABLE_OBJC_ARC = YES;
				CLANG_ENABLE_OBJC_WEAK = YES;
				CLANG_WARN_BLOCK_CAPTURE_AUTORELEASING = YES;
				CLANG_WARN_BOOL_CONVERSION = YES;
				CLANG_WARN_COMMA = YES;
				CLANG_WARN_CONSTANT_CONVERSION = YES;
				CLANG_WARN_DEPRECATED_OBJC_IMPLEMENTATIONS = YES;
				CLANG_WARN_DIRECT_OBJC_ISA_USAGE = YES_ERROR;
				CLANG_WARN_DOCUMENTATION_COMMENTS = YES;
				CLANG_WARN_EMPTY_BODY = YES;
				CLANG_WARN_ENUM_CONVERSION = YES;
				CLANG_WARN_INFINITE_RECURSION = YES;
				CLANG_WARN_INT_CONVERSION = YES;
				CLANG_WARN_NON_LITERAL_NULL_CONVERSION = YES;
				CLANG_WARN_OBJC_IMPLICIT_RETAIN_SELF = YES;
				CLANG_WARN_OBJC_LITERAL_CONVERSION = YES;
				CLANG_WARN_OBJC_ROOT_CLASS = YES_ERROR;
				CLANG_WARN_RANGE_LOOP_ANALYSIS = YES;
				CLANG_WARN_STRICT_PROTOTYPES = YES;
				CLANG_WARN_SUSPICIOUS_MOVE = YES;
				CLANG_WARN_UNGUARDED_AVAILABILITY = YES_AGGRESSIVE;
				CLANG_WARN_UNREACHABLE_CODE = YES;
				CLANG_WARN__DUPLICATE_METHOD_MATCH = YES;
				CODE_SIGN_IDENTITY = "iPhone Developer";
				COPY_PHASE_STRIP = NO;
				DEBUG_INFORMATION_FORMAT = dwarf;
				ENABLE_STRICT_OBJC_MSGSEND = YES;
				ENABLE_TESTABILITY = YES;
				GCC_C_LANGUAGE_STANDARD = gnu11;
				GCC_DYNAMIC_NO_PIC = NO;
				GCC_NO_COMMON_BLOCKS = YES;
				GCC_OPTIMIZATION_LEVEL = 0;
				GCC_PREPROCESSOR_DEFINITIONS = (
					"DEBUG=1",
					"$(inherited)",
				);
				GCC_WARN_64_TO_32_BIT_CONVERSION = YES;
				GCC_WARN_ABOUT_RETURN_TYPE = YES_ERROR;
				GCC_WARN_UNDECLARED_SELECTOR = YES;
				GCC_WARN_UNINITIALIZED_AUTOS = YES_AGGRESSIVE;
				GCC_WARN_UNUSED_FUNCTION = YES;
				GCC_WARN_UNUSED_VARIABLE = YES;
				IPHONEOS_DEPLOYMENT_TARGET = 12.0;
				MTL_ENABLE_DEBUG_INFO = INCLUDE_SOURCE;
				MTL_FAST_MATH = YES;
				ONLY_ACTIVE_ARCH = YES;
				SDKROOT = iphoneos;
				SWIFT_ACTIVE_COMPILATION_CONDITIONS = DEBUG;
				SWIFT_OPTIMIZATION_LEVEL = "-Onone";
			};
			name = Debug;
		};
		BB1DDF4D211CC347008D8682 /* Release */ = {
			isa = XCBuildConfiguration;
			buildSettings = {
				ALWAYS_SEARCH_USER_PATHS = NO;
				CLANG_ANALYZER_NONNULL = YES;
				CLANG_ANALYZER_NUMBER_OBJECT_CONVERSION = YES_AGGRESSIVE;
				CLANG_CXX_LANGUAGE_STANDARD = "gnu++14";
				CLANG_CXX_LIBRARY = "libc++";
				CLANG_ENABLE_MODULES = YES;
				CLANG_ENABLE_OBJC_ARC = YES;
				CLANG_ENABLE_OBJC_WEAK = YES;
				CLANG_WARN_BLOCK_CAPTURE_AUTORELEASING = YES;
				CLANG_WARN_BOOL_CONVERSION = YES;
				CLANG_WARN_COMMA = YES;
				CLANG_WARN_CONSTANT_CONVERSION = YES;
				CLANG_WARN_DEPRECATED_OBJC_IMPLEMENTATIONS = YES;
				CLANG_WARN_DIRECT_OBJC_ISA_USAGE = YES_ERROR;
				CLANG_WARN_DOCUMENTATION_COMMENTS = YES;
				CLANG_WARN_EMPTY_BODY = YES;
				CLANG_WARN_ENUM_CONVERSION = YES;
				CLANG_WARN_INFINITE_RECURSION = YES;
				CLANG_WARN_INT_CONVERSION = YES;
				CLANG_WARN_NON_LITERAL_NULL_CONVERSION = YES;
				CLANG_WARN_OBJC_IMPLICIT_RETAIN_SELF = YES;
				CLANG_WARN_OBJC_LITERAL_CONVERSION = YES;
				CLANG_WARN_OBJC_ROOT_CLASS = YES_ERROR;
				CLANG_WARN_RANGE_LOOP_ANALYSIS = YES;
				CLANG_WARN_STRICT_PROTOTYPES = YES;
				CLANG_WARN_SUSPICIOUS_MOVE = YES;
				CLANG_WARN_UNGUARDED_AVAILABILITY = YES_AGGRESSIVE;
				CLANG_WARN_UNREACHABLE_CODE = YES;
				CLANG_WARN__DUPLICATE_METHOD_MATCH = YES;
				CODE_SIGN_IDENTITY = "iPhone Developer";
				COPY_PHASE_STRIP = NO;
				DEBUG_INFORMATION_FORMAT = "dwarf-with-dsym";
				ENABLE_NS_ASSERTIONS = NO;
				ENABLE_STRICT_OBJC_MSGSEND = YES;
				GCC_C_LANGUAGE_STANDARD = gnu11;
				GCC_NO_COMMON_BLOCKS = YES;
				GCC_WARN_64_TO_32_BIT_CONVERSION = YES;
				GCC_WARN_ABOUT_RETURN_TYPE = YES_ERROR;
				GCC_WARN_UNDECLARED_SELECTOR = YES;
				GCC_WARN_UNINITIALIZED_AUTOS = YES_AGGRESSIVE;
				GCC_WARN_UNUSED_FUNCTION = YES;
				GCC_WARN_UNUSED_VARIABLE = YES;
				IPHONEOS_DEPLOYMENT_TARGET = 12.0;
				MTL_ENABLE_DEBUG_INFO = NO;
				MTL_FAST_MATH = YES;
				SDKROOT = iphoneos;
				SWIFT_COMPILATION_MODE = wholemodule;
				SWIFT_OPTIMIZATION_LEVEL = "-O";
				VALIDATE_PRODUCT = YES;
			};
			name = Release;
		};
		BB1DDF4F211CC347008D8682 /* Debug */ = {
			isa = XCBuildConfiguration;
			buildSettings = {
				ASSETCATALOG_COMPILER_APPICON_NAME = AppIcon;
				CODE_SIGN_STYLE = Automatic;
				DEVELOPMENT_TEAM = A8NKHWJDUL;
				INFOPLIST_FILE = sekey/Info.plist;
				LD_RUNPATH_SEARCH_PATHS = (
					"$(inherited)",
					"@executable_path/Frameworks",
				);
				PRODUCT_BUNDLE_IDENTIFIER = com.noiseandheat.experiment.sekey;
				PRODUCT_NAME = "$(TARGET_NAME)";
				SWIFT_VERSION = 4.2;
				TARGETED_DEVICE_FAMILY = "1,2";
			};
			name = Debug;
		};
		BB1DDF50211CC347008D8682 /* Release */ = {
			isa = XCBuildConfiguration;
			buildSettings = {
				ASSETCATALOG_COMPILER_APPICON_NAME = AppIcon;
				CODE_SIGN_STYLE = Automatic;
				DEVELOPMENT_TEAM = A8NKHWJDUL;
				INFOPLIST_FILE = sekey/Info.plist;
				LD_RUNPATH_SEARCH_PATHS = (
					"$(inherited)",
					"@executable_path/Frameworks",
				);
				PRODUCT_BUNDLE_IDENTIFIER = com.noiseandheat.experiment.sekey;
				PRODUCT_NAME = "$(TARGET_NAME)";
				SWIFT_VERSION = 4.2;
				TARGETED_DEVICE_FAMILY = "1,2";
			};
			name = Release;
		};
		BB1DDF52211CC347008D8682 /* Debug */ = {
			isa = XCBuildConfiguration;
			buildSettings = {
				ALWAYS_EMBED_SWIFT_STANDARD_LIBRARIES = YES;
				BUNDLE_LOADER = "$(TEST_HOST)";
				CODE_SIGN_STYLE = Automatic;
				DEVELOPMENT_TEAM = A8NKHWJDUL;
				INFOPLIST_FILE = sekeyTests/Info.plist;
				LD_RUNPATH_SEARCH_PATHS = (
					"$(inherited)",
					"@executable_path/Frameworks",
					"@loader_path/Frameworks",
				);
				PRODUCT_BUNDLE_IDENTIFIER = com.noiseandheat.experiment.sekeyTests;
				PRODUCT_NAME = "$(TARGET_NAME)";
				SWIFT_VERSION = 4.2;
				TARGETED_DEVICE_FAMILY = "1,2";
				TEST_HOST = "$(BUILT_PRODUCTS_DIR)/sekey.app/sekey";
			};
			name = Debug;
		};
		BB1DDF53211CC347008D8682 /* Release */ = {
			isa = XCBuildConfiguration;
			buildSettings = {
				ALWAYS_EMBED_SWIFT_STANDARD_LIBRARIES = YES;
				BUNDLE_LOADER = "$(TEST_HOST)";
				CODE_SIGN_STYLE = Automatic;
				DEVELOPMENT_TEAM = A8NKHWJDUL;
				INFOPLIST_FILE = sekeyTests/Info.plist;
				LD_RUNPATH_SEARCH_PATHS = (
					"$(inherited)",
					"@executable_path/Frameworks",
					"@loader_path/Frameworks",
				);
				PRODUCT_BUNDLE_IDENTIFIER = com.noiseandheat.experiment.sekeyTests;
				PRODUCT_NAME = "$(TARGET_NAME)";
				SWIFT_VERSION = 4.2;
				TARGETED_DEVICE_FAMILY = "1,2";
				TEST_HOST = "$(BUILT_PRODUCTS_DIR)/sekey.app/sekey";
			};
			name = Release;
		};
/* End XCBuildConfiguration section */

/* Begin XCConfigurationList section */
		BB1DDF2C211CC345008D8682 /* Build configuration list for PBXProject "sekey" */ = {
			isa = XCConfigurationList;
			buildConfigurations = (
				BB1DDF4C211CC347008D8682 /* Debug */,
				BB1DDF4D211CC347008D8682 /* Release */,
			);
			defaultConfigurationIsVisible = 0;
			defaultConfigurationName = Release;
		};
		BB1DDF4E211CC347008D8682 /* Build configuration list for PBXNativeTarget "sekey" */ = {
			isa = XCConfigurationList;
			buildConfigurations = (
				BB1DDF4F211CC347008D8682 /* Debug */,
				BB1DDF50211CC347008D8682 /* Release */,
			);
			defaultConfigurationIsVisible = 0;
			defaultConfigurationName = Release;
		};
		BB1DDF51211CC347008D8682 /* Build configuration list for PBXNativeTarget "sekeyTests" */ = {
			isa = XCConfigurationList;
			buildConfigurations = (
				BB1DDF52211CC347008D8682 /* Debug */,
				BB1DDF53211CC347008D8682 /* Release */,
			);
			defaultConfigurationIsVisible = 0;
			defaultConfigurationName = Release;
		};
/* End XCConfigurationList section */
	};
	rootObject = BB1DDF29211CC345008D8682 /* Project object */;
}
